
Microsoft Visual Studio Solution File, Format Version 12.00
# Visual Studio Version 16
VisualStudioVersion = 16.0.31229.75
MinimumVisualStudioVersion = 10.0.40219.1
Project("{FAE04EC0-301F-11D3-BF4B-00C04F79EFBC}") = "Wpf3DTest", "Wpf3DTest\Wpf3DTest.csproj", "{C4DF47F7-B1B0-4D53-81E4-7522832F03CB}"
EndProject
Global
	GlobalSection(SolutionConfigurationPlatforms) = preSolution
		Debug|Any CPU = Debug|Any CPU
		Release|Any CPU = Release|Any CPU
	EndGlobalSection
	GlobalSection(ProjectConfigurationPlatforms) = postSolution
		{C4DF47F7-B1B0-4D53-81E4-7522832F03CB}.Debug|Any CPU.ActiveCfg = Debug|Any CPU
		{C4DF47F7-B1B0-4D53-81E4-7522832F03CB}.Debug|Any CPU.Build.0 = Debug|Any CPU
		{C4DF47F7-B1B0-4D53-81E4-7522832F03CB}.Release|Any CPU.ActiveCfg = Release|Any CPU
		{C4DF47F7-B1B0-4D53-81E4-7522832F03CB}.Release|Any CPU.Build.0 = Release|Any CPU
	EndGlobalSection
	GlobalSection(SolutionProperties) = preSolution
		HideSolutionNode = FALSE
	EndGlobalSection
	GlobalSection(ExtensibilityGlobals) = postSolution
		SolutionGuid = {5A8C0D9F-43E4-41AD-B0CB-16541C00BF73}
	EndGlobalSection
EndGlobal
